{
  "requires": true,
  "lockfileVersion": 1,
  "dependencies": {
    "angular-in-memory-web-api": {
      "version": "0.5.3",
      "resolved": "https://registry.npmjs.org/angular-in-memory-web-api/-/angular-in-memory-web-api-0.5.3.tgz",
      "integrity": "sha512-1QPwwXG8R/2s7EbHh13HDiJYsk4sdBHNxHJHZHJ/Kxb4T9OG+bb1kGcXzY9UrJkEVxOtUW0ozvL4p/HmeIEszg=="
    }
  }
}
